
Microsoft Visual Studio Solution File, Format Version 12.00
# Visual Studio Version 17
VisualStudioVersion = 17.9.34728.123
MinimumVisualStudioVersion = 10.0.40219.1
Project("{9A19103F-16F7-4668-BE54-9A1E7A4F7556}") = "AvaloniaApplication2", "AvaloniaApplication2.csproj", "{C708DD5C-08EE-449E-B2B4-4F032D8C8F7D}"
EndProject
Project("{54435603-DBB4-11D2-8724-00A0C9A8B90C}") = "RIP_Setup", "..\RIP_Setup\RIP_Setup.vdproj", "{19960F63-0BBF-4A72-BB49-014C819E97DF}"
EndProject
Project("{9A19103F-16F7-4668-BE54-9A1E7A4F7556}") = "AvaloniaNunitTest", "..\AvaloniaNunitTest\AvaloniaNunitTest.csproj", "{A0937ED7-E3E5-4920-9026-F8DB563069DE}"
EndProject
Global
	GlobalSection(SolutionConfigurationPlatforms) = preSolution
		Debug|Any CPU = Debug|Any CPU
		Release|Any CPU = Release|Any CPU
	EndGlobalSection
	GlobalSection(ProjectConfigurationPlatforms) = postSolution
		{C708DD5C-08EE-449E-B2B4-4F032D8C8F7D}.Debug|Any CPU.ActiveCfg = Debug|Any CPU
		{C708DD5C-08EE-449E-B2B4-4F032D8C8F7D}.Debug|Any CPU.Build.0 = Debug|Any CPU
		{C708DD5C-08EE-449E-B2B4-4F032D8C8F7D}.Release|Any CPU.ActiveCfg = Release|Any CPU
		{C708DD5C-08EE-449E-B2B4-4F032D8C8F7D}.Release|Any CPU.Build.0 = Release|Any CPU
		{19960F63-0BBF-4A72-BB49-014C819E97DF}.Debug|Any CPU.ActiveCfg = Debug
		{19960F63-0BBF-4A72-BB49-014C819E97DF}.Release|Any CPU.ActiveCfg = Release
		{A0937ED7-E3E5-4920-9026-F8DB563069DE}.Debug|Any CPU.ActiveCfg = Debug|Any CPU
		{A0937ED7-E3E5-4920-9026-F8DB563069DE}.Debug|Any CPU.Build.0 = Debug|Any CPU
		{A0937ED7-E3E5-4920-9026-F8DB563069DE}.Release|Any CPU.ActiveCfg = Release|Any CPU
		{A0937ED7-E3E5-4920-9026-F8DB563069DE}.Release|Any CPU.Build.0 = Release|Any CPU
	EndGlobalSection
	GlobalSection(SolutionProperties) = preSolution
		HideSolutionNode = FALSE
	EndGlobalSection
	GlobalSection(ExtensibilityGlobals) = postSolution
		SolutionGuid = {F62E623F-84D7-445F-A5D6-A98FCDC4F06B}
	EndGlobalSection
EndGlobal
